
Microsoft Visual Studio Solution File, Format Version 11.00
# Visual Studio 2010
Project("{FAE04EC0-301F-11D3-BF4B-00C04F79EFBC}") = "Assembly-CSharp", "Assembly-CSharp.csproj", "{5D95B9CE-1F69-8EBB-926A-A18582291B8D}"
EndProject
Project("{FAE04EC0-301F-11D3-BF4B-00C04F79EFBC}") = "Assembly-CSharp-Editor", "Assembly-CSharp-Editor.csproj", "{1FF53812-68F0-7D1F-6B4F-19EB5B960FB3}"
EndProject
Global
	GlobalSection(SolutionConfigurationPlatforms) = preSolution
		Debug|Any CPU = Debug|Any CPU
		Release|Any CPU = Release|Any CPU
	EndGlobalSection
	GlobalSection(ProjectConfigurationPlatforms) = postSolution
		{5D95B9CE-1F69-8EBB-926A-A18582291B8D}.Debug|Any CPU.ActiveCfg = Debug|Any CPU
		{5D95B9CE-1F69-8EBB-926A-A18582291B8D}.Debug|Any CPU.Build.0 = Debug|Any CPU
		{5D95B9CE-1F69-8EBB-926A-A18582291B8D}.Release|Any CPU.ActiveCfg = Release|Any CPU
		{5D95B9CE-1F69-8EBB-926A-A18582291B8D}.Release|Any CPU.Build.0 = Release|Any CPU
		{1FF53812-68F0-7D1F-6B4F-19EB5B960FB3}.Debug|Any CPU.ActiveCfg = Debug|Any CPU
		{1FF53812-68F0-7D1F-6B4F-19EB5B960FB3}.Debug|Any CPU.Build.0 = Debug|Any CPU
		{1FF53812-68F0-7D1F-6B4F-19EB5B960FB3}.Release|Any CPU.ActiveCfg = Release|Any CPU
		{1FF53812-68F0-7D1F-6B4F-19EB5B960FB3}.Release|Any CPU.Build.0 = Release|Any CPU
	EndGlobalSection
	GlobalSection(SolutionProperties) = preSolution
		HideSolutionNode = FALSE
	EndGlobalSection
	GlobalSection(MonoDevelopProperties) = preSolution
		StartupItem = Assembly-CSharp.csproj
	EndGlobalSection
EndGlobal
